Microsoft Visual Studio Solution File, Format Version 12.00
# Visual Studio Version 17
VisualStudioVersion = 17.13.35825.156
MinimumVisualStudioVersion = 10.0.40219.1
Project("{2150E333-8FDC-42A3-9474-1A3956D46DE8}") = "src", "src", "{02EA681E-C7D8-13C7-8484-4AC65E1B71E8}"
EndProject
Project("{2150E333-8FDC-42A3-9474-1A3956D46DE8}") = "Solution Items", "Solution Items", "{8EC462FD-D22E-90A8-E5CE-7E832BA40C5D}"
	ProjectSection(SolutionItems) = preProject
		..\cd-pipeline.yaml = ..\cd-pipeline.yaml
		..\ci-pipeline.yaml = ..\ci-pipeline.yaml
		..\LICENSE = ..\LICENSE
		..\README.md = ..\README.md
	EndProjectSection
EndProject
Project("{2150E333-8FDC-42A3-9474-1A3956D46DE8}") = "tests", "tests", "{CB5506BB-B802-4FBF-9884-287B929D919E}"
EndProject
Project("{FAE04EC0-301F-11D3-BF4B-00C04F79EFBC}") = "Morsley.UK.Test.API", "src\Morsley.UK.Test.API\Morsley.UK.Test.API.csproj", "{C255160C-4E99-DDC3-1B0E-66DDA4B4A632}"
EndProject
Project("{FAE04EC0-301F-11D3-BF4B-00C04F79EFBC}") = "Morsley.UK.Tests.API.UnitTests", "tests\Morsley.UK.Tests.API.UnitTests\Morsley.UK.Tests.API.UnitTests.csproj", "{7056AEF1-628D-4294-E977-70E3C1169AB4}"
EndProject
Global
	GlobalSection(SolutionConfigurationPlatforms) = preSolution
		Debug|Any CPU = Debug|Any CPU
		Release|Any CPU = Release|Any CPU
	EndGlobalSection
	GlobalSection(ProjectConfigurationPlatforms) = postSolution
		{C255160C-4E99-DDC3-1B0E-66DDA4B4A632}.Debug|Any CPU.ActiveCfg = Debug|Any CPU
		{C255160C-4E99-DDC3-1B0E-66DDA4B4A632}.Debug|Any CPU.Build.0 = Debug|Any CPU
		{C255160C-4E99-DDC3-1B0E-66DDA4B4A632}.Release|Any CPU.ActiveCfg = Release|Any CPU
		{C255160C-4E99-DDC3-1B0E-66DDA4B4A632}.Release|Any CPU.Build.0 = Release|Any CPU
		{7056AEF1-628D-4294-E977-70E3C1169AB4}.Debug|Any CPU.ActiveCfg = Debug|Any CPU
		{7056AEF1-628D-4294-E977-70E3C1169AB4}.Debug|Any CPU.Build.0 = Debug|Any CPU
		{7056AEF1-628D-4294-E977-70E3C1169AB4}.Release|Any CPU.ActiveCfg = Release|Any CPU
		{7056AEF1-628D-4294-E977-70E3C1169AB4}.Release|Any CPU.Build.0 = Release|Any CPU
	EndGlobalSection
	GlobalSection(SolutionProperties) = preSolution
		HideSolutionNode = FALSE
	EndGlobalSection
	GlobalSection(NestedProjects) = preSolution
		{C255160C-4E99-DDC3-1B0E-66DDA4B4A632} = {02EA681E-C7D8-13C7-8484-4AC65E1B71E8}
		{7056AEF1-628D-4294-E977-70E3C1169AB4} = {CB5506BB-B802-4FBF-9884-287B929D919E}
	EndGlobalSection
	GlobalSection(ExtensibilityGlobals) = postSolution
		SolutionGuid = {57AB63DD-8B23-4FBB-8C98-BF28AA6D55B3}
	EndGlobalSection
EndGlobal
